
Microsoft Visual Studio Solution File, Format Version 12.00
# Visual Studio Version 17
VisualStudioVersion = 17.8.34330.188
MinimumVisualStudioVersion = 10.0.40219.1
Project("{9A19103F-16F7-4668-BE54-9A1E7A4F7556}") = "HotbarRD", "HotbarRD.csproj", "{80226B10-5015-4313-BD7E-C88C4BCF2BCF}"
EndProject
Global
	GlobalSection(SolutionConfigurationPlatforms) = preSolution
		Debug|Any CPU = Debug|Any CPU
		Release|Any CPU = Release|Any CPU
	EndGlobalSection
	GlobalSection(ProjectConfigurationPlatforms) = postSolution
		{80226B10-5015-4313-BD7E-C88C4BCF2BCF}.Debug|Any CPU.ActiveCfg = Debug|Any CPU
		{80226B10-5015-4313-BD7E-C88C4BCF2BCF}.Debug|Any CPU.Build.0 = Debug|Any CPU
		{80226B10-5015-4313-BD7E-C88C4BCF2BCF}.Release|Any CPU.ActiveCfg = Release|Any CPU
		{80226B10-5015-4313-BD7E-C88C4BCF2BCF}.Release|Any CPU.Build.0 = Release|Any CPU
	EndGlobalSection
	GlobalSection(SolutionProperties) = preSolution
		HideSolutionNode = FALSE
	EndGlobalSection
	GlobalSection(ExtensibilityGlobals) = postSolution
		SolutionGuid = {4D3FD04B-A54C-4D61-BE03-1B43DD6741A8}
	EndGlobalSection
EndGlobal
